Microsoft Visual Studio Solution File, Format Version 11.00
# Visual Studio 2008

Project("{504E8A5A-D96F-B7A3-9FD4-C0CA7AD68739}") = "RopeSwingTutorial", "Assembly-CSharp.csproj", "{3CC1AE48-AAAD-5C52-3520-D7EF38C60ACE}"
EndProject
Global
	GlobalSection(SolutionConfigurationPlatforms) = preSolution
		Debug|Any CPU = Debug|Any CPU
		Release|Any CPU = Release|Any CPU
	EndGlobalSection
	GlobalSection(ProjectConfigurationPlatforms) = postSolution
		{3CC1AE48-AAAD-5C52-3520-D7EF38C60ACE}.Debug|Any CPU.ActiveCfg = Debug|Any CPU
		{3CC1AE48-AAAD-5C52-3520-D7EF38C60ACE}.Debug|Any CPU.Build.0 = Debug|Any CPU
		{3CC1AE48-AAAD-5C52-3520-D7EF38C60ACE}.Release|Any CPU.ActiveCfg = Release|Any CPU
		{3CC1AE48-AAAD-5C52-3520-D7EF38C60ACE}.Release|Any CPU.Build.0 = Release|Any CPU
	EndGlobalSection
	GlobalSection(SolutionProperties) = preSolution
		HideSolutionNode = FALSE
	EndGlobalSection
	GlobalSection(MonoDevelopProperties) = preSolution
		StartupItem = Assembly-CSharp.csproj
	EndGlobalSection
EndGlobal
